
Microsoft Visual Studio Solution File, Format Version 12.00
# Visual Studio Version 17
VisualStudioVersion = 17.5.33530.505
MinimumVisualStudioVersion = 10.0.40219.1
Project("{FAE04EC0-301F-11D3-BF4B-00C04F79EFBC}") = "MauiBlazorEvidence.Server", "MauiBlazorEvidence.Server\MauiBlazorEvidence.Server.csproj", "{3452A047-8A63-46D4-A94D-DAE0DF393B21}"
EndProject
Project("{FAE04EC0-301F-11D3-BF4B-00C04F79EFBC}") = "MauiBlazorEvidence.Shared", "MauiBlazorEvidence.Shared\MauiBlazorEvidence.Shared.csproj", "{B082B541-C997-4D55-9157-CA7A7CC6C234}"
EndProject
Project("{FAE04EC0-301F-11D3-BF4B-00C04F79EFBC}") = "MauiBlazorEvidence.Client", "MauiBlazorEvidence.Client\MauiBlazorEvidence.Client.csproj", "{303297EA-B4DF-46F6-AA8A-B5889A5ABAB2}"
EndProject
Global
	GlobalSection(SolutionConfigurationPlatforms) = preSolution
		Debug|Any CPU = Debug|Any CPU
		Release|Any CPU = Release|Any CPU
	EndGlobalSection
	GlobalSection(ProjectConfigurationPlatforms) = postSolution
		{3452A047-8A63-46D4-A94D-DAE0DF393B21}.Debug|Any CPU.ActiveCfg = Debug|Any CPU
		{3452A047-8A63-46D4-A94D-DAE0DF393B21}.Debug|Any CPU.Build.0 = Debug|Any CPU
		{3452A047-8A63-46D4-A94D-DAE0DF393B21}.Release|Any CPU.ActiveCfg = Release|Any CPU
		{3452A047-8A63-46D4-A94D-DAE0DF393B21}.Release|Any CPU.Build.0 = Release|Any CPU
		{B082B541-C997-4D55-9157-CA7A7CC6C234}.Debug|Any CPU.ActiveCfg = Debug|Any CPU
		{B082B541-C997-4D55-9157-CA7A7CC6C234}.Debug|Any CPU.Build.0 = Debug|Any CPU
		{B082B541-C997-4D55-9157-CA7A7CC6C234}.Release|Any CPU.ActiveCfg = Release|Any CPU
		{B082B541-C997-4D55-9157-CA7A7CC6C234}.Release|Any CPU.Build.0 = Release|Any CPU
		{303297EA-B4DF-46F6-AA8A-B5889A5ABAB2}.Debug|Any CPU.ActiveCfg = Debug|Any CPU
		{303297EA-B4DF-46F6-AA8A-B5889A5ABAB2}.Debug|Any CPU.Build.0 = Debug|Any CPU
		{303297EA-B4DF-46F6-AA8A-B5889A5ABAB2}.Debug|Any CPU.Deploy.0 = Debug|Any CPU
		{303297EA-B4DF-46F6-AA8A-B5889A5ABAB2}.Release|Any CPU.ActiveCfg = Release|Any CPU
		{303297EA-B4DF-46F6-AA8A-B5889A5ABAB2}.Release|Any CPU.Build.0 = Release|Any CPU
		{303297EA-B4DF-46F6-AA8A-B5889A5ABAB2}.Release|Any CPU.Deploy.0 = Release|Any CPU
	EndGlobalSection
	GlobalSection(SolutionProperties) = preSolution
		HideSolutionNode = FALSE
	EndGlobalSection
	GlobalSection(ExtensibilityGlobals) = postSolution
		SolutionGuid = {B0189C10-6AC9-4AAB-AD1D-F3C48521104D}
	EndGlobalSection
EndGlobal
